<?xml version="1.0" encoding="utf-8"?>
<Project ToolsVersion="4.0" xmlns="http://schemas.microsoft.com/developer/msbuild/2003">
  <ItemGroup>
    <Filter Include="Source Files">
      <UniqueIdentifier>{4FC737F1-C7A5-4376-A066-2A32D752A2FF}</UniqueIdentifier>
      <Extensions>cpp;c;cc;cxx;c++;cppm;ixx;def;odl;idl;hpj;bat;asm;asmx</Extensions>
    </Filter>
    <Filter Include="Header Files">
      <UniqueIdentifier>{93995380-89BD-4b04-88EB-625FBE52EBFB}</UniqueIdentifier>
      <Extensions>h;hh;hpp;hxx;h++;hm;inl;inc;ipp;xsd</Extensions>
    </Filter>
    <Filter Include="Resource Files">
      <UniqueIdentifier>{67DA6AB6-F800-4c08-8B7A-83BB121AAD01}</UniqueIdentifier>
      <Extensions>rc;ico;cur;bmp;dlg;rc2;rct;bin;rgs;gif;jpg;jpeg;jpe;resx;tiff;tif;png;wav;mfcribbon-ms</Extensions>
    </Filter>
    <Filter Include="Header Files\States">
      <UniqueIdentifier>{6b465921-35fc-4f29-815e-cbd6d9a126da}</UniqueIdentifier>
    </Filter>
    <Filter Include="Header Files\Policies">
      <UniqueIdentifier>{f1e2a140-1f52-4b83-acd5-ac750b4ef047}</UniqueIdentifier>
    </Filter>
    <Filter Include="Header Files\Policies\State">
      <UniqueIdentifier>{f324730e-0580-4fab-8400-12e55cb022c4}</UniqueIdentifier>
    </Filter>
    <Filter Include="Header Files\Policies\State\Changes">
      <UniqueIdentifier>{6b783edf-9e96-4216-aa3b-aa6bbb0e74cc}</UniqueIdentifier>
    </Filter>
    <Filter Include="Header Files\Controls">
      <UniqueIdentifier>{ddbd8f30-af5c-483f-836c-8d416df1c67e}</UniqueIdentifier>
    </Filter>
    <Filter Include="Header Files\Decorators">
      <UniqueIdentifier>{b70ca700-4e87-4cc6-a8f4-c36c969a9409}</UniqueIdentifier>
    </Filter>
    <Filter Include="Header Files\Decorators\Interactivity">
      <UniqueIdentifier>{5fcd1832-f6ff-4dec-a2ba-26add666a19b}</UniqueIdentifier>
    </Filter>
    <Filter Include="Header Files\Graphics">
      <UniqueIdentifier>{e40268b7-3b3d-41bd-8759-08eaebed2ccc}</UniqueIdentifier>
    </Filter>
    <Filter Include="Header Files\Graphics\Bundles">
      <UniqueIdentifier>{0fedb4f2-20b5-463d-90a2-d656bfb3592b}</UniqueIdentifier>
    </Filter>
    <Filter Include="Header Files\Decorators\Bundle">
      <UniqueIdentifier>{7e9cca4f-e677-41c7-a616-6f476ae9b406}</UniqueIdentifier>
    </Filter>
    <Filter Include="Header Files\Decorators\Bundle\Animations">
      <UniqueIdentifier>{1234375b-5704-43df-96aa-26b843c432e0}</UniqueIdentifier>
    </Filter>
    <Filter Include="Header Files\Policies\Glyph">
      <UniqueIdentifier>{fa81d7c1-b1f9-4d4b-8825-b6491ac7e655}</UniqueIdentifier>
    </Filter>
    <Filter Include="Header Files\Policies\Glyph\Updates">
      <UniqueIdentifier>{8c0ae413-0e72-4d4b-8cb0-fc5dd8a870e1}</UniqueIdentifier>
    </Filter>
    <Filter Include="Header Files\Policies\Glyph\Updates\Animations">
      <UniqueIdentifier>{2275ba9b-f5aa-4c46-bc5a-01d8045e1c99}</UniqueIdentifier>
    </Filter>
  </ItemGroup>
  <ItemGroup>
    <ClInclude Include="States\Knob.h">
      <Filter>Header Files\States</Filter>
    </ClInclude>
    <ClInclude Include="Policies\State\Changes\Knob.h">
      <Filter>Header Files\Policies\State\Changes</Filter>
    </ClInclude>
    <ClInclude Include="Controls\Knob.h">
      <Filter>Header Files\Controls</Filter>
    </ClInclude>
    <ClInclude Include="Decorators\Interactivity\Knob.h">
      <Filter>Header Files\Decorators\Interactivity</Filter>
    </ClInclude>
    <ClInclude Include="Graphics\Palette.h">
      <Filter>Header Files\Graphics</Filter>
    </ClInclude>
    <ClInclude Include="Graphics\Bundles\Knob.h">
      <Filter>Header Files\Graphics\Bundles</Filter>
    </ClInclude>
    <ClInclude Include="Graphics\Bundles\Plug.h">
      <Filter>Header Files\Graphics\Bundles</Filter>
    </ClInclude>
    <ClInclude Include="Graphics\Bundles\Vban.h">
      <Filter>Header Files\Graphics\Bundles</Filter>
    </ClInclude>
    <ClInclude Include="Graphics\Glyph.h">
      <Filter>Header Files\Graphics</Filter>
    </ClInclude>
    <ClInclude Include="Graphics\Canvas.h">
      <Filter>Header Files\Graphics</Filter>
    </ClInclude>
    <ClInclude Include="Decorators\Bundle\Animation.h">
      <Filter>Header Files\Decorators\Bundle</Filter>
    </ClInclude>
    <ClInclude Include="Decorators\Bundle\Animations\Knob.h">
      <Filter>Header Files\Decorators\Bundle\Animations</Filter>
    </ClInclude>
    <ClInclude Include="Decorators\Bundle\Animations\Plug.h">
      <Filter>Header Files\Decorators\Bundle\Animations</Filter>
    </ClInclude>
    <ClInclude Include="Decorators\Bundle\Animations\Vban.h">
      <Filter>Header Files\Decorators\Bundle\Animations</Filter>
    </ClInclude>
    <ClInclude Include="Policies\Glyph\Updates\Knob.h">
      <Filter>Header Files\Policies\Glyph\Updates</Filter>
    </ClInclude>
    <ClInclude Include="Policies\Glyph\Updates\Plug.h">
      <Filter>Header Files\Policies\Glyph\Updates</Filter>
    </ClInclude>
    <ClInclude Include="Policies\Glyph\Updates\Vban.h">
      <Filter>Header Files\Policies\Glyph\Updates</Filter>
    </ClInclude>
    <ClInclude Include="Policies\Glyph\Updates\Animations\Knob.h">
      <Filter>Header Files\Policies\Glyph\Updates\Animations</Filter>
    </ClInclude>
    <ClInclude Include="Policies\Glyph\Updates\Animations\Plug.h">
      <Filter>Header Files\Policies\Glyph\Updates\Animations</Filter>
    </ClInclude>
    <ClInclude Include="Policies\Glyph\Updates\Animations\Vban.h">
      <Filter>Header Files\Policies\Glyph\Updates\Animations</Filter>
    </ClInclude>
    <ClInclude Include="Controls\Plug.h">
      <Filter>Header Files\Controls</Filter>
    </ClInclude>
    <ClInclude Include="Controls\Vban.h">
      <Filter>Header Files\Controls</Filter>
    </ClInclude>
    <ClInclude Include="Decorators\Interactivity\Plug.h">
      <Filter>Header Files\Decorators\Interactivity</Filter>
    </ClInclude>
    <ClInclude Include="Decorators\Interactivity\Vban.h">
      <Filter>Header Files\Decorators\Interactivity</Filter>
    </ClInclude>
  </ItemGroup>
</Project>