<?xml version="1.0" encoding="utf-8"?>
<Project ToolsVersion="4.0" xmlns="http://schemas.microsoft.com/developer/msbuild/2003">
  <ItemGroup>
    <Filter Include="Source Files">
      <UniqueIdentifier>{4FC737F1-C7A5-4376-A066-2A32D752A2FF}</UniqueIdentifier>
      <Extensions>cpp;c;cc;cxx;c++;cppm;ixx;def;odl;idl;hpj;bat;asm;asmx</Extensions>
    </Filter>
    <Filter Include="Header Files">
      <UniqueIdentifier>{93995380-89BD-4b04-88EB-625FBE52EBFB}</UniqueIdentifier>
      <Extensions>h;hh;hpp;hxx;h++;hm;inl;inc;ipp;xsd</Extensions>
    </Filter>
    <Filter Include="Resource Files">
      <UniqueIdentifier>{67DA6AB6-F800-4c08-8B7A-83BB121AAD01}</UniqueIdentifier>
      <Extensions>rc;ico;cur;bmp;dlg;rc2;rct;bin;rgs;gif;jpg;jpeg;jpe;resx;tiff;tif;png;wav;mfcribbon-ms</Extensions>
    </Filter>
    <Filter Include="Header Files\Graphics">
      <UniqueIdentifier>{7551a84d-20d3-475f-aac2-36eb1463da54}</UniqueIdentifier>
    </Filter>
    <Filter Include="Header Files\Traits">
      <UniqueIdentifier>{6c63a0df-680d-4bf9-bbfa-d700da520d08}</UniqueIdentifier>
    </Filter>
    <Filter Include="Header Files\Policies">
      <UniqueIdentifier>{cc8934a6-383d-49a3-8216-0f8eed5f8fb1}</UniqueIdentifier>
    </Filter>
    <Filter Include="Header Files\Panels">
      <UniqueIdentifier>{20a51a6c-1ea1-447b-a945-f0aab021b1e9}</UniqueIdentifier>
    </Filter>
    <Filter Include="Source Files\Panels">
      <UniqueIdentifier>{f5119d72-9360-4f52-9984-d2a500b3a0cf}</UniqueIdentifier>
    </Filter>
    <Filter Include="Header Files\Controls">
      <UniqueIdentifier>{5e1d7b2d-4630-4463-9d94-f0785319389e}</UniqueIdentifier>
    </Filter>
    <Filter Include="Header Files\Decorators">
      <UniqueIdentifier>{f6263b99-fc37-4061-986f-ac84587d12d8}</UniqueIdentifier>
    </Filter>
    <Filter Include="Header Files\States">
      <UniqueIdentifier>{6c7a9c28-1944-4024-9109-f7846a15d4c8}</UniqueIdentifier>
    </Filter>
    <Filter Include="Header Files\Decorators\Interactivity">
      <UniqueIdentifier>{75c08ab8-cc71-49d5-881e-e09e0771a70f}</UniqueIdentifier>
    </Filter>
    <Filter Include="Header Files\Policies\State">
      <UniqueIdentifier>{f4a347e3-f5b9-4dfa-a4c6-aee661c59b2e}</UniqueIdentifier>
    </Filter>
    <Filter Include="Header Files\Policies\Glyph">
      <UniqueIdentifier>{5eea46f1-6fb1-4feb-b6c3-fe633fd89248}</UniqueIdentifier>
    </Filter>
    <Filter Include="Header Files\Policies\State\Changes">
      <UniqueIdentifier>{74268c3d-e421-43ad-b2cc-1e3f719ccd30}</UniqueIdentifier>
    </Filter>
    <Filter Include="Header Files\Trackers">
      <UniqueIdentifier>{9b687cc8-c8be-4791-8cbe-9ff9dbf6187a}</UniqueIdentifier>
    </Filter>
    <Filter Include="Source Files\Trackers">
      <UniqueIdentifier>{d5fdf7af-00b5-4a29-a4a6-228ec8c93068}</UniqueIdentifier>
    </Filter>
  </ItemGroup>
  <ItemGroup>
    <ClInclude Include="Graphics\ICanvas.h">
      <Filter>Header Files\Graphics</Filter>
    </ClInclude>
    <ClInclude Include="Traits\IVisible.h">
      <Filter>Header Files\Traits</Filter>
    </ClInclude>
    <ClInclude Include="Traits\IMovable.h">
      <Filter>Header Files\Traits</Filter>
    </ClInclude>
    <ClInclude Include="Traits\IResizable.h">
      <Filter>Header Files\Traits</Filter>
    </ClInclude>
    <ClInclude Include="Traits\IScalable.h">
      <Filter>Header Files\Traits</Filter>
    </ClInclude>
    <ClInclude Include="Traits\IInteractive.h">
      <Filter>Header Files\Traits</Filter>
    </ClInclude>
    <ClInclude Include="Graphics\IGlyph.h">
      <Filter>Header Files\Graphics</Filter>
    </ClInclude>
    <ClInclude Include="IScene.h">
      <Filter>Header Files</Filter>
    </ClInclude>
    <ClInclude Include="IComponent.h">
      <Filter>Header Files</Filter>
    </ClInclude>
    <ClInclude Include="IPanel.h">
      <Filter>Header Files</Filter>
    </ClInclude>
    <ClInclude Include="IControl.h">
      <Filter>Header Files</Filter>
    </ClInclude>
    <ClInclude Include="Scene.h">
      <Filter>Header Files</Filter>
    </ClInclude>
    <ClInclude Include="Panels\Stack.h">
      <Filter>Header Files\Panels</Filter>
    </ClInclude>
    <ClInclude Include="Decorators\Margin.h">
      <Filter>Header Files\Decorators</Filter>
    </ClInclude>
    <ClInclude Include="Decorators\RegionCheck.h">
      <Filter>Header Files\Decorators</Filter>
    </ClInclude>
    <ClInclude Include="Controls\Knob.h">
      <Filter>Header Files\Controls</Filter>
    </ClInclude>
    <ClInclude Include="States\Knob.h">
      <Filter>Header Files\States</Filter>
    </ClInclude>
    <ClInclude Include="Controls\Checkbox.h">
      <Filter>Header Files\Controls</Filter>
    </ClInclude>
    <ClInclude Include="Direction.h">
      <Filter>Header Files</Filter>
    </ClInclude>
    <ClInclude Include="Decorators\Interactivity\Checkbox.h">
      <Filter>Header Files\Decorators\Interactivity</Filter>
    </ClInclude>
    <ClInclude Include="Decorators\Interactivity\Knob.h">
      <Filter>Header Files\Decorators\Interactivity</Filter>
    </ClInclude>
    <ClInclude Include="Policies\State\IChange.h">
      <Filter>Header Files\Policies\State</Filter>
    </ClInclude>
    <ClInclude Include="Policies\Glyph\IUpdate.h">
      <Filter>Header Files\Policies\Glyph</Filter>
    </ClInclude>
    <ClInclude Include="Policies\State\IPromotion.h">
      <Filter>Header Files\Policies\State</Filter>
    </ClInclude>
    <ClInclude Include="Policies\State\Changes\Checkbox.h">
      <Filter>Header Files\Policies\State\Changes</Filter>
    </ClInclude>
    <ClInclude Include="Policies\State\Changes\Circular.h">
      <Filter>Header Files\Policies\State\Changes</Filter>
    </ClInclude>
    <ClInclude Include="Policies\State\Changes\Knob.h">
      <Filter>Header Files\Policies\State\Changes</Filter>
    </ClInclude>
    <ClInclude Include="Policies\State\Changes\Range.h">
      <Filter>Header Files\Policies\State\Changes</Filter>
    </ClInclude>
    <ClInclude Include="Trackers\Focus.h">
      <Filter>Header Files\Trackers</Filter>
    </ClInclude>
    <ClInclude Include="Trackers\IFocus.h">
      <Filter>Header Files\Trackers</Filter>
    </ClInclude>
    <ClInclude Include="Trackers\IInput.h">
      <Filter>Header Files\Trackers</Filter>
    </ClInclude>
    <ClInclude Include="Trackers\Input.h">
      <Filter>Header Files\Trackers</Filter>
    </ClInclude>
  </ItemGroup>
  <ItemGroup>
    <ClCompile Include="Panels\Stack.cpp">
      <Filter>Source Files\Panels</Filter>
    </ClCompile>
    <ClCompile Include="Controls\State.h">
      <Filter>Header Files\Controls</Filter>
    </ClCompile>
    <ClCompile Include="Trackers\Focus.cpp">
      <Filter>Source Files\Trackers</Filter>
    </ClCompile>
    <ClCompile Include="Trackers\Input.cpp">
      <Filter>Source Files\Trackers</Filter>
    </ClCompile>
  </ItemGroup>
</Project>