
Microsoft Visual Studio Solution File, Format Version 12.00
# Visual Studio Version 17
VisualStudioVersion = 17.9.34728.123
MinimumVisualStudioVersion = 10.0.40219.1
Project("{8BC9CEB8-8B4A-11D0-8D11-00A0C91BC942}") = "Voicemeeter.DeskBand", "src\Voicemeeter.DeskBand\Voicemeeter.DeskBand.vcxproj", "{F391578D-78E3-43B3-B642-915659BC766D}"
EndProject
Project("{2150E333-8FDC-42A3-9474-1A3956D46DE8}") = "Solution Items", "Solution Items", "{357CC4A1-4BE3-4282-8736-450AD70108D5}"
	ProjectSection(SolutionItems) = preProject
		.gitignore = .gitignore
		todo = todo
	EndProjectSection
EndProject
Project("{8BC9CEB8-8B4A-11D0-8D11-00A0C91BC942}") = "Voicemeeter.UI", "src\Voicemeeter.UI\Voicemeeter.UI.vcxproj", "{8EBF00E4-20BE-4230-97BA-8DD20F2F35CB}"
EndProject
Project("{8BC9CEB8-8B4A-11D0-8D11-00A0C91BC942}") = "estd", "src\estd\estd.vcxproj", "{BE6DD8B6-C8AE-4BB1-8CC1-612F5F262B60}"
EndProject
Project("{8BC9CEB8-8B4A-11D0-8D11-00A0C91BC942}") = "Windows", "src\Windows\Windows.vcxproj", "{8D41DAA9-B6B7-4F80-832A-F5AE62E1502D}"
EndProject
Project("{8BC9CEB8-8B4A-11D0-8D11-00A0C91BC942}") = "Voicemeeter.DeskBandit", "src\Voicemeeter.DeskBandit\Voicemeeter.DeskBandit.vcxproj", "{807A809C-6CCA-4EDA-BEDB-415911367CD8}"
EndProject
Project("{8BC9CEB8-8B4A-11D0-8D11-00A0C91BC942}") = "Voicemeeter", "src\Voicemeeter\Voicemeeter.vcxproj", "{20F519BE-036E-4A91-81D9-51C5AD1661DB}"
EndProject
Project("{8BC9CEB8-8B4A-11D0-8D11-00A0C91BC942}") = "Environment", "src\Environment\Environment.vcxproj", "{C6D12871-1150-4F94-8136-975AA8A893E5}"
EndProject
Project("{8BC9CEB8-8B4A-11D0-8D11-00A0C91BC942}") = "Voicemeeter.Clients.Remote", "src\Voicemeeter.Clients.Remote\Voicemeeter.Clients.Remote.vcxproj", "{A8201CCC-D675-42D9-947A-B6A27450275A}"
EndProject
Project("{8BC9CEB8-8B4A-11D0-8D11-00A0C91BC942}") = "Voicemeeter.Atlas", "src\Voicemeeter.Atlas\Voicemeeter.Atlas.vcxproj", "{77B08162-A8D9-4F43-9297-41CC35F508F9}"
EndProject
Project("{8BC9CEB8-8B4A-11D0-8D11-00A0C91BC942}") = "Voicemeeter.UI.D3D12", "src\Voicemeeter.UI.D3D12\Voicemeeter.UI.D3D12.vcxproj", "{A9688E57-00FB-485C-947D-1F8EBCB51564}"
EndProject
Project("{8BC9CEB8-8B4A-11D0-8D11-00A0C91BC942}") = "Voicemeeter.UI.Cherry", "src\Voicemeeter.UI.Cherry\Voicemeeter.UI.Cherry.vcxproj", "{3D402B49-3499-4717-A44E-5318FDB37943}"
EndProject
Project("{8BC9CEB8-8B4A-11D0-8D11-00A0C91BC942}") = "Voicemeeter.Clients.UI.D3D12", "src\Voicemeeter.Clients.UI.D3D12\Voicemeeter.Clients.UI.D3D12.vcxproj", "{4B45C89C-C67F-4CA2-BC68-C7E77D7E89BB}"
EndProject
Project("{8BC9CEB8-8B4A-11D0-8D11-00A0C91BC942}") = "Voicemeeter.Clients.UI.Cherry", "src\Voicemeeter.Clients.UI.Cherry\Voicemeeter.Clients.UI.Cherry.vcxproj", "{4802971F-E66B-4266-A34A-F68F1E1C50AD}"
EndProject
Project("{8BC9CEB8-8B4A-11D0-8D11-00A0C91BC942}") = "Voicemeeter.Atlas.Generator", "src\Voicemeeter.Atlas.Generator\Voicemeeter.Atlas.Generator.vcxproj", "{E5D53B71-D2E3-43CB-B23D-CF5F8F9E5DA2}"
EndProject
Global
	GlobalSection(SolutionConfigurationPlatforms) = preSolution
		Debug|x64 = Debug|x64
		Debug|x86 = Debug|x86
		Release|x64 = Release|x64
		Release|x86 = Release|x86
		Remote|x64 = Remote|x64
		Remote|x86 = Remote|x86
	EndGlobalSection
	GlobalSection(ProjectConfigurationPlatforms) = postSolution
		{F391578D-78E3-43B3-B642-915659BC766D}.Debug|x64.ActiveCfg = Debug|x64
		{F391578D-78E3-43B3-B642-915659BC766D}.Debug|x64.Build.0 = Debug|x64
		{F391578D-78E3-43B3-B642-915659BC766D}.Debug|x86.ActiveCfg = Debug|Win32
		{F391578D-78E3-43B3-B642-915659BC766D}.Debug|x86.Build.0 = Debug|Win32
		{F391578D-78E3-43B3-B642-915659BC766D}.Release|x64.ActiveCfg = Release|x64
		{F391578D-78E3-43B3-B642-915659BC766D}.Release|x64.Build.0 = Release|x64
		{F391578D-78E3-43B3-B642-915659BC766D}.Release|x86.ActiveCfg = Release|Win32
		{F391578D-78E3-43B3-B642-915659BC766D}.Release|x86.Build.0 = Release|Win32
		{F391578D-78E3-43B3-B642-915659BC766D}.Remote|x64.ActiveCfg = Remote|x64
		{F391578D-78E3-43B3-B642-915659BC766D}.Remote|x64.Build.0 = Remote|x64
		{F391578D-78E3-43B3-B642-915659BC766D}.Remote|x86.ActiveCfg = Remote|Win32
		{F391578D-78E3-43B3-B642-915659BC766D}.Remote|x86.Build.0 = Remote|Win32
		{8EBF00E4-20BE-4230-97BA-8DD20F2F35CB}.Debug|x64.ActiveCfg = Debug|x64
		{8EBF00E4-20BE-4230-97BA-8DD20F2F35CB}.Debug|x64.Build.0 = Debug|x64
		{8EBF00E4-20BE-4230-97BA-8DD20F2F35CB}.Debug|x86.ActiveCfg = Debug|Win32
		{8EBF00E4-20BE-4230-97BA-8DD20F2F35CB}.Debug|x86.Build.0 = Debug|Win32
		{8EBF00E4-20BE-4230-97BA-8DD20F2F35CB}.Release|x64.ActiveCfg = Release|x64
		{8EBF00E4-20BE-4230-97BA-8DD20F2F35CB}.Release|x64.Build.0 = Release|x64
		{8EBF00E4-20BE-4230-97BA-8DD20F2F35CB}.Release|x86.ActiveCfg = Release|Win32
		{8EBF00E4-20BE-4230-97BA-8DD20F2F35CB}.Release|x86.Build.0 = Release|Win32
		{8EBF00E4-20BE-4230-97BA-8DD20F2F35CB}.Remote|x64.ActiveCfg = Remote|x64
		{8EBF00E4-20BE-4230-97BA-8DD20F2F35CB}.Remote|x64.Build.0 = Remote|x64
		{8EBF00E4-20BE-4230-97BA-8DD20F2F35CB}.Remote|x86.ActiveCfg = Remote|Win32
		{8EBF00E4-20BE-4230-97BA-8DD20F2F35CB}.Remote|x86.Build.0 = Remote|Win32
		{BE6DD8B6-C8AE-4BB1-8CC1-612F5F262B60}.Debug|x64.ActiveCfg = Debug|x64
		{BE6DD8B6-C8AE-4BB1-8CC1-612F5F262B60}.Debug|x64.Build.0 = Debug|x64
		{BE6DD8B6-C8AE-4BB1-8CC1-612F5F262B60}.Debug|x86.ActiveCfg = Debug|Win32
		{BE6DD8B6-C8AE-4BB1-8CC1-612F5F262B60}.Debug|x86.Build.0 = Debug|Win32
		{BE6DD8B6-C8AE-4BB1-8CC1-612F5F262B60}.Release|x64.ActiveCfg = Release|x64
		{BE6DD8B6-C8AE-4BB1-8CC1-612F5F262B60}.Release|x64.Build.0 = Release|x64
		{BE6DD8B6-C8AE-4BB1-8CC1-612F5F262B60}.Release|x86.ActiveCfg = Release|Win32
		{BE6DD8B6-C8AE-4BB1-8CC1-612F5F262B60}.Release|x86.Build.0 = Release|Win32
		{BE6DD8B6-C8AE-4BB1-8CC1-612F5F262B60}.Remote|x64.ActiveCfg = Remote|x64
		{BE6DD8B6-C8AE-4BB1-8CC1-612F5F262B60}.Remote|x64.Build.0 = Remote|x64
		{BE6DD8B6-C8AE-4BB1-8CC1-612F5F262B60}.Remote|x86.ActiveCfg = Remote|Win32
		{BE6DD8B6-C8AE-4BB1-8CC1-612F5F262B60}.Remote|x86.Build.0 = Remote|Win32
		{8D41DAA9-B6B7-4F80-832A-F5AE62E1502D}.Debug|x64.ActiveCfg = Debug|x64
		{8D41DAA9-B6B7-4F80-832A-F5AE62E1502D}.Debug|x64.Build.0 = Debug|x64
		{8D41DAA9-B6B7-4F80-832A-F5AE62E1502D}.Debug|x86.ActiveCfg = Debug|Win32
		{8D41DAA9-B6B7-4F80-832A-F5AE62E1502D}.Debug|x86.Build.0 = Debug|Win32
		{8D41DAA9-B6B7-4F80-832A-F5AE62E1502D}.Release|x64.ActiveCfg = Release|x64
		{8D41DAA9-B6B7-4F80-832A-F5AE62E1502D}.Release|x64.Build.0 = Release|x64
		{8D41DAA9-B6B7-4F80-832A-F5AE62E1502D}.Release|x86.ActiveCfg = Release|Win32
		{8D41DAA9-B6B7-4F80-832A-F5AE62E1502D}.Release|x86.Build.0 = Release|Win32
		{8D41DAA9-B6B7-4F80-832A-F5AE62E1502D}.Remote|x64.ActiveCfg = Remote|x64
		{8D41DAA9-B6B7-4F80-832A-F5AE62E1502D}.Remote|x64.Build.0 = Remote|x64
		{8D41DAA9-B6B7-4F80-832A-F5AE62E1502D}.Remote|x86.ActiveCfg = Remote|Win32
		{8D41DAA9-B6B7-4F80-832A-F5AE62E1502D}.Remote|x86.Build.0 = Remote|Win32
		{807A809C-6CCA-4EDA-BEDB-415911367CD8}.Debug|x64.ActiveCfg = Debug|x64
		{807A809C-6CCA-4EDA-BEDB-415911367CD8}.Debug|x64.Build.0 = Debug|x64
		{807A809C-6CCA-4EDA-BEDB-415911367CD8}.Debug|x86.ActiveCfg = Debug|Win32
		{807A809C-6CCA-4EDA-BEDB-415911367CD8}.Debug|x86.Build.0 = Debug|Win32
		{807A809C-6CCA-4EDA-BEDB-415911367CD8}.Release|x64.ActiveCfg = Release|x64
		{807A809C-6CCA-4EDA-BEDB-415911367CD8}.Release|x64.Build.0 = Release|x64
		{807A809C-6CCA-4EDA-BEDB-415911367CD8}.Release|x86.ActiveCfg = Release|Win32
		{807A809C-6CCA-4EDA-BEDB-415911367CD8}.Release|x86.Build.0 = Release|Win32
		{807A809C-6CCA-4EDA-BEDB-415911367CD8}.Remote|x64.ActiveCfg = Remote|x64
		{807A809C-6CCA-4EDA-BEDB-415911367CD8}.Remote|x64.Build.0 = Remote|x64
		{807A809C-6CCA-4EDA-BEDB-415911367CD8}.Remote|x64.Deploy.0 = Remote|x64
		{807A809C-6CCA-4EDA-BEDB-415911367CD8}.Remote|x86.ActiveCfg = Remote|Win32
		{807A809C-6CCA-4EDA-BEDB-415911367CD8}.Remote|x86.Build.0 = Remote|Win32
		{20F519BE-036E-4A91-81D9-51C5AD1661DB}.Debug|x64.ActiveCfg = Debug|x64
		{20F519BE-036E-4A91-81D9-51C5AD1661DB}.Debug|x64.Build.0 = Debug|x64
		{20F519BE-036E-4A91-81D9-51C5AD1661DB}.Debug|x86.ActiveCfg = Debug|Win32
		{20F519BE-036E-4A91-81D9-51C5AD1661DB}.Debug|x86.Build.0 = Debug|Win32
		{20F519BE-036E-4A91-81D9-51C5AD1661DB}.Release|x64.ActiveCfg = Release|x64
		{20F519BE-036E-4A91-81D9-51C5AD1661DB}.Release|x64.Build.0 = Release|x64
		{20F519BE-036E-4A91-81D9-51C5AD1661DB}.Release|x86.ActiveCfg = Release|Win32
		{20F519BE-036E-4A91-81D9-51C5AD1661DB}.Release|x86.Build.0 = Release|Win32
		{20F519BE-036E-4A91-81D9-51C5AD1661DB}.Remote|x64.ActiveCfg = Remote|x64
		{20F519BE-036E-4A91-81D9-51C5AD1661DB}.Remote|x64.Build.0 = Remote|x64
		{20F519BE-036E-4A91-81D9-51C5AD1661DB}.Remote|x86.ActiveCfg = Remote|Win32
		{20F519BE-036E-4A91-81D9-51C5AD1661DB}.Remote|x86.Build.0 = Remote|Win32
		{C6D12871-1150-4F94-8136-975AA8A893E5}.Debug|x64.ActiveCfg = Debug|x64
		{C6D12871-1150-4F94-8136-975AA8A893E5}.Debug|x64.Build.0 = Debug|x64
		{C6D12871-1150-4F94-8136-975AA8A893E5}.Debug|x86.ActiveCfg = Debug|Win32
		{C6D12871-1150-4F94-8136-975AA8A893E5}.Debug|x86.Build.0 = Debug|Win32
		{C6D12871-1150-4F94-8136-975AA8A893E5}.Release|x64.ActiveCfg = Release|x64
		{C6D12871-1150-4F94-8136-975AA8A893E5}.Release|x64.Build.0 = Release|x64
		{C6D12871-1150-4F94-8136-975AA8A893E5}.Release|x86.ActiveCfg = Release|Win32
		{C6D12871-1150-4F94-8136-975AA8A893E5}.Release|x86.Build.0 = Release|Win32
		{C6D12871-1150-4F94-8136-975AA8A893E5}.Remote|x64.ActiveCfg = Remote|x64
		{C6D12871-1150-4F94-8136-975AA8A893E5}.Remote|x64.Build.0 = Remote|x64
		{C6D12871-1150-4F94-8136-975AA8A893E5}.Remote|x86.ActiveCfg = Remote|Win32
		{C6D12871-1150-4F94-8136-975AA8A893E5}.Remote|x86.Build.0 = Remote|Win32
		{A8201CCC-D675-42D9-947A-B6A27450275A}.Debug|x64.ActiveCfg = Debug|x64
		{A8201CCC-D675-42D9-947A-B6A27450275A}.Debug|x64.Build.0 = Debug|x64
		{A8201CCC-D675-42D9-947A-B6A27450275A}.Debug|x86.ActiveCfg = Debug|Win32
		{A8201CCC-D675-42D9-947A-B6A27450275A}.Debug|x86.Build.0 = Debug|Win32
		{A8201CCC-D675-42D9-947A-B6A27450275A}.Release|x64.ActiveCfg = Release|x64
		{A8201CCC-D675-42D9-947A-B6A27450275A}.Release|x64.Build.0 = Release|x64
		{A8201CCC-D675-42D9-947A-B6A27450275A}.Release|x86.ActiveCfg = Release|Win32
		{A8201CCC-D675-42D9-947A-B6A27450275A}.Release|x86.Build.0 = Release|Win32
		{A8201CCC-D675-42D9-947A-B6A27450275A}.Remote|x64.ActiveCfg = Remote|x64
		{A8201CCC-D675-42D9-947A-B6A27450275A}.Remote|x64.Build.0 = Remote|x64
		{A8201CCC-D675-42D9-947A-B6A27450275A}.Remote|x86.ActiveCfg = Remote|Win32
		{A8201CCC-D675-42D9-947A-B6A27450275A}.Remote|x86.Build.0 = Remote|Win32
		{77B08162-A8D9-4F43-9297-41CC35F508F9}.Debug|x64.ActiveCfg = Debug|x64
		{77B08162-A8D9-4F43-9297-41CC35F508F9}.Debug|x64.Build.0 = Debug|x64
		{77B08162-A8D9-4F43-9297-41CC35F508F9}.Debug|x86.ActiveCfg = Debug|Win32
		{77B08162-A8D9-4F43-9297-41CC35F508F9}.Debug|x86.Build.0 = Debug|Win32
		{77B08162-A8D9-4F43-9297-41CC35F508F9}.Release|x64.ActiveCfg = Release|x64
		{77B08162-A8D9-4F43-9297-41CC35F508F9}.Release|x64.Build.0 = Release|x64
		{77B08162-A8D9-4F43-9297-41CC35F508F9}.Release|x86.ActiveCfg = Release|Win32
		{77B08162-A8D9-4F43-9297-41CC35F508F9}.Release|x86.Build.0 = Release|Win32
		{77B08162-A8D9-4F43-9297-41CC35F508F9}.Remote|x64.ActiveCfg = Remote|x64
		{77B08162-A8D9-4F43-9297-41CC35F508F9}.Remote|x64.Build.0 = Remote|x64
		{77B08162-A8D9-4F43-9297-41CC35F508F9}.Remote|x86.ActiveCfg = Release|Win32
		{77B08162-A8D9-4F43-9297-41CC35F508F9}.Remote|x86.Build.0 = Release|Win32
		{A9688E57-00FB-485C-947D-1F8EBCB51564}.Debug|x64.ActiveCfg = Debug|x64
		{A9688E57-00FB-485C-947D-1F8EBCB51564}.Debug|x64.Build.0 = Debug|x64
		{A9688E57-00FB-485C-947D-1F8EBCB51564}.Debug|x86.ActiveCfg = Debug|Win32
		{A9688E57-00FB-485C-947D-1F8EBCB51564}.Debug|x86.Build.0 = Debug|Win32
		{A9688E57-00FB-485C-947D-1F8EBCB51564}.Release|x64.ActiveCfg = Release|x64
		{A9688E57-00FB-485C-947D-1F8EBCB51564}.Release|x64.Build.0 = Release|x64
		{A9688E57-00FB-485C-947D-1F8EBCB51564}.Release|x86.ActiveCfg = Release|Win32
		{A9688E57-00FB-485C-947D-1F8EBCB51564}.Release|x86.Build.0 = Release|Win32
		{A9688E57-00FB-485C-947D-1F8EBCB51564}.Remote|x64.ActiveCfg = Remote|x64
		{A9688E57-00FB-485C-947D-1F8EBCB51564}.Remote|x64.Build.0 = Remote|x64
		{A9688E57-00FB-485C-947D-1F8EBCB51564}.Remote|x86.ActiveCfg = Release|Win32
		{A9688E57-00FB-485C-947D-1F8EBCB51564}.Remote|x86.Build.0 = Release|Win32
		{3D402B49-3499-4717-A44E-5318FDB37943}.Debug|x64.ActiveCfg = Debug|x64
		{3D402B49-3499-4717-A44E-5318FDB37943}.Debug|x64.Build.0 = Debug|x64
		{3D402B49-3499-4717-A44E-5318FDB37943}.Debug|x86.ActiveCfg = Debug|Win32
		{3D402B49-3499-4717-A44E-5318FDB37943}.Debug|x86.Build.0 = Debug|Win32
		{3D402B49-3499-4717-A44E-5318FDB37943}.Release|x64.ActiveCfg = Release|x64
		{3D402B49-3499-4717-A44E-5318FDB37943}.Release|x64.Build.0 = Release|x64
		{3D402B49-3499-4717-A44E-5318FDB37943}.Release|x86.ActiveCfg = Release|Win32
		{3D402B49-3499-4717-A44E-5318FDB37943}.Release|x86.Build.0 = Release|Win32
		{3D402B49-3499-4717-A44E-5318FDB37943}.Remote|x64.ActiveCfg = Remote|x64
		{3D402B49-3499-4717-A44E-5318FDB37943}.Remote|x64.Build.0 = Remote|x64
		{3D402B49-3499-4717-A44E-5318FDB37943}.Remote|x86.ActiveCfg = Release|Win32
		{3D402B49-3499-4717-A44E-5318FDB37943}.Remote|x86.Build.0 = Release|Win32
		{4B45C89C-C67F-4CA2-BC68-C7E77D7E89BB}.Debug|x64.ActiveCfg = Debug|x64
		{4B45C89C-C67F-4CA2-BC68-C7E77D7E89BB}.Debug|x64.Build.0 = Debug|x64
		{4B45C89C-C67F-4CA2-BC68-C7E77D7E89BB}.Debug|x86.ActiveCfg = Debug|Win32
		{4B45C89C-C67F-4CA2-BC68-C7E77D7E89BB}.Debug|x86.Build.0 = Debug|Win32
		{4B45C89C-C67F-4CA2-BC68-C7E77D7E89BB}.Release|x64.ActiveCfg = Release|x64
		{4B45C89C-C67F-4CA2-BC68-C7E77D7E89BB}.Release|x64.Build.0 = Release|x64
		{4B45C89C-C67F-4CA2-BC68-C7E77D7E89BB}.Release|x86.ActiveCfg = Release|Win32
		{4B45C89C-C67F-4CA2-BC68-C7E77D7E89BB}.Release|x86.Build.0 = Release|Win32
		{4B45C89C-C67F-4CA2-BC68-C7E77D7E89BB}.Remote|x64.ActiveCfg = Remote|x64
		{4B45C89C-C67F-4CA2-BC68-C7E77D7E89BB}.Remote|x64.Build.0 = Remote|x64
		{4B45C89C-C67F-4CA2-BC68-C7E77D7E89BB}.Remote|x86.ActiveCfg = Release|Win32
		{4B45C89C-C67F-4CA2-BC68-C7E77D7E89BB}.Remote|x86.Build.0 = Release|Win32
		{4802971F-E66B-4266-A34A-F68F1E1C50AD}.Debug|x64.ActiveCfg = Debug|x64
		{4802971F-E66B-4266-A34A-F68F1E1C50AD}.Debug|x64.Build.0 = Debug|x64
		{4802971F-E66B-4266-A34A-F68F1E1C50AD}.Debug|x86.ActiveCfg = Debug|Win32
		{4802971F-E66B-4266-A34A-F68F1E1C50AD}.Debug|x86.Build.0 = Debug|Win32
		{4802971F-E66B-4266-A34A-F68F1E1C50AD}.Release|x64.ActiveCfg = Release|x64
		{4802971F-E66B-4266-A34A-F68F1E1C50AD}.Release|x64.Build.0 = Release|x64
		{4802971F-E66B-4266-A34A-F68F1E1C50AD}.Release|x86.ActiveCfg = Release|Win32
		{4802971F-E66B-4266-A34A-F68F1E1C50AD}.Release|x86.Build.0 = Release|Win32
		{4802971F-E66B-4266-A34A-F68F1E1C50AD}.Remote|x64.ActiveCfg = Remote|x64
		{4802971F-E66B-4266-A34A-F68F1E1C50AD}.Remote|x64.Build.0 = Remote|x64
		{4802971F-E66B-4266-A34A-F68F1E1C50AD}.Remote|x86.ActiveCfg = Release|Win32
		{4802971F-E66B-4266-A34A-F68F1E1C50AD}.Remote|x86.Build.0 = Release|Win32
		{E5D53B71-D2E3-43CB-B23D-CF5F8F9E5DA2}.Debug|x64.ActiveCfg = Debug|x64
		{E5D53B71-D2E3-43CB-B23D-CF5F8F9E5DA2}.Debug|x64.Build.0 = Debug|x64
		{E5D53B71-D2E3-43CB-B23D-CF5F8F9E5DA2}.Debug|x86.ActiveCfg = Debug|Win32
		{E5D53B71-D2E3-43CB-B23D-CF5F8F9E5DA2}.Debug|x86.Build.0 = Debug|Win32
		{E5D53B71-D2E3-43CB-B23D-CF5F8F9E5DA2}.Release|x64.ActiveCfg = Release|x64
		{E5D53B71-D2E3-43CB-B23D-CF5F8F9E5DA2}.Release|x64.Build.0 = Release|x64
		{E5D53B71-D2E3-43CB-B23D-CF5F8F9E5DA2}.Release|x86.ActiveCfg = Release|Win32
		{E5D53B71-D2E3-43CB-B23D-CF5F8F9E5DA2}.Release|x86.Build.0 = Release|Win32
		{E5D53B71-D2E3-43CB-B23D-CF5F8F9E5DA2}.Remote|x64.ActiveCfg = Release|x64
		{E5D53B71-D2E3-43CB-B23D-CF5F8F9E5DA2}.Remote|x64.Build.0 = Release|x64
		{E5D53B71-D2E3-43CB-B23D-CF5F8F9E5DA2}.Remote|x86.ActiveCfg = Release|Win32
		{E5D53B71-D2E3-43CB-B23D-CF5F8F9E5DA2}.Remote|x86.Build.0 = Release|Win32
	EndGlobalSection
	GlobalSection(SolutionProperties) = preSolution
		HideSolutionNode = FALSE
	EndGlobalSection
	GlobalSection(ExtensibilityGlobals) = postSolution
		SolutionGuid = {60889F42-656A-48D3-BFB4-9DF81F0777A8}
	EndGlobalSection
EndGlobal
