
Microsoft Visual Studio Solution File, Format Version 12.00
# Visual Studio Version 17
VisualStudioVersion = 17.9.34728.123
MinimumVisualStudioVersion = 10.0.40219.1
Project("{8BC9CEB8-8B4A-11D0-8D11-00A0C91BC942}") = "Voicemeeter.DeskBand", "src\Voicemeeter.DeskBand\Voicemeeter.DeskBand.vcxproj", "{F391578D-78E3-43B3-B642-915659BC766D}"
EndProject
Project("{2150E333-8FDC-42A3-9474-1A3956D46DE8}") = "Solution Items", "Solution Items", "{357CC4A1-4BE3-4282-8736-450AD70108D5}"
	ProjectSection(SolutionItems) = preProject
		.gitignore = .gitignore
	EndProjectSection
EndProject
Project("{8BC9CEB8-8B4A-11D0-8D11-00A0C91BC942}") = "Voicemeeter.DeskBand.Atlas", "src\Voicemeeter.DeskBand.Atlas\Voicemeeter.DeskBand.Atlas.vcxproj", "{1600652E-24A9-4B04-A76E-67713D613F6F}"
EndProject
Global
	GlobalSection(SolutionConfigurationPlatforms) = preSolution
		Debug|x64 = Debug|x64
		Debug|x86 = Debug|x86
		Release|x64 = Release|x64
		Release|x86 = Release|x86
	EndGlobalSection
	GlobalSection(ProjectConfigurationPlatforms) = postSolution
		{F391578D-78E3-43B3-B642-915659BC766D}.Debug|x64.ActiveCfg = Debug|x64
		{F391578D-78E3-43B3-B642-915659BC766D}.Debug|x64.Build.0 = Debug|x64
		{F391578D-78E3-43B3-B642-915659BC766D}.Debug|x86.ActiveCfg = Debug|Win32
		{F391578D-78E3-43B3-B642-915659BC766D}.Debug|x86.Build.0 = Debug|Win32
		{F391578D-78E3-43B3-B642-915659BC766D}.Release|x64.ActiveCfg = Release|x64
		{F391578D-78E3-43B3-B642-915659BC766D}.Release|x64.Build.0 = Release|x64
		{F391578D-78E3-43B3-B642-915659BC766D}.Release|x86.ActiveCfg = Release|Win32
		{F391578D-78E3-43B3-B642-915659BC766D}.Release|x86.Build.0 = Release|Win32
		{1600652E-24A9-4B04-A76E-67713D613F6F}.Debug|x64.ActiveCfg = Debug|x64
		{1600652E-24A9-4B04-A76E-67713D613F6F}.Debug|x64.Build.0 = Debug|x64
		{1600652E-24A9-4B04-A76E-67713D613F6F}.Debug|x86.ActiveCfg = Debug|Win32
		{1600652E-24A9-4B04-A76E-67713D613F6F}.Debug|x86.Build.0 = Debug|Win32
		{1600652E-24A9-4B04-A76E-67713D613F6F}.Release|x64.ActiveCfg = Release|x64
		{1600652E-24A9-4B04-A76E-67713D613F6F}.Release|x64.Build.0 = Release|x64
		{1600652E-24A9-4B04-A76E-67713D613F6F}.Release|x86.ActiveCfg = Release|Win32
		{1600652E-24A9-4B04-A76E-67713D613F6F}.Release|x86.Build.0 = Release|Win32
	EndGlobalSection
	GlobalSection(SolutionProperties) = preSolution
		HideSolutionNode = FALSE
	EndGlobalSection
	GlobalSection(ExtensibilityGlobals) = postSolution
		SolutionGuid = {60889F42-656A-48D3-BFB4-9DF81F0777A8}
	EndGlobalSection
EndGlobal
