<?xml version="1.0" encoding="utf-8"?>
<Project ToolsVersion="4.0" xmlns="http://schemas.microsoft.com/developer/msbuild/2003">
  <ItemGroup>
    <Filter Include="Source Files">
      <UniqueIdentifier>{4FC737F1-C7A5-4376-A066-2A32D752A2FF}</UniqueIdentifier>
      <Extensions>cpp;c;cc;cxx;c++;cppm;ixx;def;odl;idl;hpj;bat;asm;asmx</Extensions>
    </Filter>
    <Filter Include="Header Files">
      <UniqueIdentifier>{93995380-89BD-4b04-88EB-625FBE52EBFB}</UniqueIdentifier>
      <Extensions>h;hh;hpp;hxx;h++;hm;inl;inc;ipp;xsd</Extensions>
    </Filter>
    <Filter Include="Resource Files">
      <UniqueIdentifier>{67DA6AB6-F800-4c08-8B7A-83BB121AAD01}</UniqueIdentifier>
      <Extensions>rc;ico;cur;bmp;dlg;rc2;rct;bin;rgs;gif;jpg;jpeg;jpe;resx;tiff;tif;png;wav;mfcribbon-ms</Extensions>
    </Filter>
    <Filter Include="Header Files\Mask">
      <UniqueIdentifier>{a60633e4-a16f-4b77-b495-5645f8b62001}</UniqueIdentifier>
    </Filter>
    <Filter Include="Source Files\Mask">
      <UniqueIdentifier>{8d8ed054-d774-43b5-b4ba-c4a3a5974eeb}</UniqueIdentifier>
    </Filter>
    <Filter Include="Header Files\Field">
      <UniqueIdentifier>{044b3ee3-fd19-4433-8e34-ac9cb2c20787}</UniqueIdentifier>
    </Filter>
    <Filter Include="Source Files\Field">
      <UniqueIdentifier>{62c47587-f6e4-40c8-bc9d-0d7ec414b579}</UniqueIdentifier>
    </Filter>
  </ItemGroup>
  <ItemGroup>
    <ClInclude Include="Mask\Cherry.h">
      <Filter>Header Files\Mask</Filter>
    </ClInclude>
    <ClInclude Include="Mask\Dynamic.h">
      <Filter>Header Files\Mask</Filter>
    </ClInclude>
    <ClInclude Include="Field\Encoder.h">
      <Filter>Header Files\Field</Filter>
    </ClInclude>
  </ItemGroup>
  <ItemGroup>
    <ClCompile Include="main.cpp">
      <Filter>Source Files</Filter>
    </ClCompile>
    <ClCompile Include="Mask\Cherry.cpp">
      <Filter>Source Files\Mask</Filter>
    </ClCompile>
    <ClCompile Include="Field\Encoder.cpp">
      <Filter>Source Files\Field</Filter>
    </ClCompile>
  </ItemGroup>
</Project>