<?xml version="1.0" encoding="utf-8"?>
<Project ToolsVersion="4.0" xmlns="http://schemas.microsoft.com/developer/msbuild/2003">
  <ItemGroup>
    <Filter Include="Source Files">
      <UniqueIdentifier>{4FC737F1-C7A5-4376-A066-2A32D752A2FF}</UniqueIdentifier>
      <Extensions>cpp;c;cc;cxx;c++;cppm;ixx;def;odl;idl;hpj;bat;asm;asmx</Extensions>
    </Filter>
    <Filter Include="Header Files">
      <UniqueIdentifier>{93995380-89BD-4b04-88EB-625FBE52EBFB}</UniqueIdentifier>
      <Extensions>h;hh;hpp;hxx;h++;hm;inl;inc;ipp;xsd</Extensions>
    </Filter>
    <Filter Include="Resource Files">
      <UniqueIdentifier>{67DA6AB6-F800-4c08-8B7A-83BB121AAD01}</UniqueIdentifier>
      <Extensions>rc;ico;cur;bmp;dlg;rc2;rct;bin;rgs;gif;jpg;jpeg;jpe;resx;tiff;tif;png;wav;mfcribbon-ms</Extensions>
    </Filter>
    <Filter Include="Header Files\Adapters">
      <UniqueIdentifier>{3554855e-4536-437b-834a-f33e72599ff5}</UniqueIdentifier>
    </Filter>
    <Filter Include="Header Files\Multiclient">
      <UniqueIdentifier>{f12f3117-355c-4250-b6d7-d7243ed928bd}</UniqueIdentifier>
    </Filter>
    <Filter Include="Header Files\Adapters\Multiclient">
      <UniqueIdentifier>{62604a5f-bb14-4f84-aff3-451bb3cf9553}</UniqueIdentifier>
    </Filter>
    <Filter Include="Source Files\Adapters">
      <UniqueIdentifier>{fb79e66c-01fa-48a1-a235-5c410054d0f4}</UniqueIdentifier>
    </Filter>
    <Filter Include="Source Files\Adapters\Multiclient">
      <UniqueIdentifier>{6baf2100-da04-4dea-92cb-2ad8b45c9b62}</UniqueIdentifier>
    </Filter>
  </ItemGroup>
  <ItemGroup>
    <ClInclude Include="Mixer.h">
      <Filter>Header Files</Filter>
    </ClInclude>
    <ClInclude Include="Channel.h">
      <Filter>Header Files</Filter>
    </ClInclude>
    <ClInclude Include="Line.h">
      <Filter>Header Files</Filter>
    </ClInclude>
    <ClInclude Include="Multiclient\Subscription.h">
      <Filter>Header Files\Multiclient</Filter>
    </ClInclude>
    <ClInclude Include="Strip.h">
      <Filter>Header Files</Filter>
    </ClInclude>
    <ClInclude Include="Bus.h">
      <Filter>Header Files</Filter>
    </ClInclude>
    <ClInclude Include="Multiclient\Manager.h">
      <Filter>Header Files\Multiclient</Filter>
    </ClInclude>
    <ClInclude Include="Adapters\Amplifier.h">
      <Filter>Header Files\Adapters</Filter>
    </ClInclude>
    <ClInclude Include="Adapters\Mute.h">
      <Filter>Header Files\Adapters</Filter>
    </ClInclude>
    <ClInclude Include="Adapters\Multiclient\Line.h">
      <Filter>Header Files\Adapters\Multiclient</Filter>
    </ClInclude>
    <ClInclude Include="Adapters\Multiclient\Strip.h">
      <Filter>Header Files\Adapters\Multiclient</Filter>
    </ClInclude>
    <ClInclude Include="Adapters\Multiclient\Bus.h">
      <Filter>Header Files\Adapters\Multiclient</Filter>
    </ClInclude>
    <ClInclude Include="Adapters\Network.h">
      <Filter>Header Files\Adapters</Filter>
    </ClInclude>
    <ClInclude Include="Cherry.h">
      <Filter>Header Files</Filter>
    </ClInclude>
    <ClInclude Include="Adapters\Multiclient\Cherry.h">
      <Filter>Header Files\Adapters\Multiclient</Filter>
    </ClInclude>
  </ItemGroup>
  <ItemGroup>
    <ClCompile Include="Adapters\Multiclient\Cherry.cpp">
      <Filter>Source Files\Adapters\Multiclient</Filter>
    </ClCompile>
  </ItemGroup>
</Project>