<?xml version="1.0" encoding="utf-8"?>
<Project ToolsVersion="4.0" xmlns="http://schemas.microsoft.com/developer/msbuild/2003">
  <ItemGroup>
    <Filter Include="Source Files">
      <UniqueIdentifier>{4FC737F1-C7A5-4376-A066-2A32D752A2FF}</UniqueIdentifier>
      <Extensions>cpp;c;cc;cxx;c++;cppm;ixx;def;odl;idl;hpj;bat;asm;asmx</Extensions>
    </Filter>
    <Filter Include="Header Files">
      <UniqueIdentifier>{93995380-89BD-4b04-88EB-625FBE52EBFB}</UniqueIdentifier>
      <Extensions>h;hh;hpp;hxx;h++;hm;inl;inc;ipp;xsd</Extensions>
    </Filter>
    <Filter Include="Resource Files">
      <UniqueIdentifier>{67DA6AB6-F800-4c08-8B7A-83BB121AAD01}</UniqueIdentifier>
      <Extensions>rc;ico;cur;bmp;dlg;rc2;rct;bin;rgs;gif;jpg;jpeg;jpe;resx;tiff;tif;png;wav;mfcribbon-ms</Extensions>
    </Filter>
    <Filter Include="Header Files\Graphics">
      <UniqueIdentifier>{7551a84d-20d3-475f-aac2-36eb1463da54}</UniqueIdentifier>
    </Filter>
    <Filter Include="Header Files\Traits">
      <UniqueIdentifier>{6c63a0df-680d-4bf9-bbfa-d700da520d08}</UniqueIdentifier>
    </Filter>
    <Filter Include="Header Files\Policies">
      <UniqueIdentifier>{cc8934a6-383d-49a3-8216-0f8eed5f8fb1}</UniqueIdentifier>
    </Filter>
    <Filter Include="Header Files\Panels">
      <UniqueIdentifier>{20a51a6c-1ea1-447b-a945-f0aab021b1e9}</UniqueIdentifier>
    </Filter>
    <Filter Include="Source Files\Panels">
      <UniqueIdentifier>{f5119d72-9360-4f52-9984-d2a500b3a0cf}</UniqueIdentifier>
    </Filter>
    <Filter Include="Header Files\Controls">
      <UniqueIdentifier>{5e1d7b2d-4630-4463-9d94-f0785319389e}</UniqueIdentifier>
    </Filter>
    <Filter Include="Header Files\Decorators">
      <UniqueIdentifier>{f6263b99-fc37-4061-986f-ac84587d12d8}</UniqueIdentifier>
    </Filter>
    <Filter Include="Header Files\Graphics\Glyphs">
      <UniqueIdentifier>{725b2197-0613-443d-8449-e79fb6ff29d4}</UniqueIdentifier>
    </Filter>
    <Filter Include="Source Files\Graphics">
      <UniqueIdentifier>{eac40226-372a-434a-8e28-8500fc925da9}</UniqueIdentifier>
    </Filter>
    <Filter Include="Source Files\Graphics\Glyphs">
      <UniqueIdentifier>{7496f427-5209-45af-b51a-1e043c9a53d9}</UniqueIdentifier>
    </Filter>
    <Filter Include="Source Files\Policies">
      <UniqueIdentifier>{41edb6c8-e8db-4494-ad09-539d3260eda7}</UniqueIdentifier>
    </Filter>
  </ItemGroup>
  <ItemGroup>
    <ClInclude Include="Graphics\ICanvas.h">
      <Filter>Header Files\Graphics</Filter>
    </ClInclude>
    <ClInclude Include="Traits\IVisible.h">
      <Filter>Header Files\Traits</Filter>
    </ClInclude>
    <ClInclude Include="Traits\IMovable.h">
      <Filter>Header Files\Traits</Filter>
    </ClInclude>
    <ClInclude Include="Traits\IResizable.h">
      <Filter>Header Files\Traits</Filter>
    </ClInclude>
    <ClInclude Include="Traits\IScalable.h">
      <Filter>Header Files\Traits</Filter>
    </ClInclude>
    <ClInclude Include="Traits\IInteractive.h">
      <Filter>Header Files\Traits</Filter>
    </ClInclude>
    <ClInclude Include="Graphics\IGlyph.h">
      <Filter>Header Files\Graphics</Filter>
    </ClInclude>
    <ClInclude Include="IScene.h">
      <Filter>Header Files</Filter>
    </ClInclude>
    <ClInclude Include="IComponent.h">
      <Filter>Header Files</Filter>
    </ClInclude>
    <ClInclude Include="IPanel.h">
      <Filter>Header Files</Filter>
    </ClInclude>
    <ClInclude Include="IControl.h">
      <Filter>Header Files</Filter>
    </ClInclude>
    <ClInclude Include="IInputTracker.h">
      <Filter>Header Files</Filter>
    </ClInclude>
    <ClInclude Include="Policies\IInteractivity.h">
      <Filter>Header Files\Policies</Filter>
    </ClInclude>
    <ClInclude Include="Policies\IGlyphUpdate.h">
      <Filter>Header Files\Policies</Filter>
    </ClInclude>
    <ClInclude Include="Policies\IStateChange.h">
      <Filter>Header Files\Policies</Filter>
    </ClInclude>
    <ClInclude Include="Policies\IStatePromotion.h">
      <Filter>Header Files\Policies</Filter>
    </ClInclude>
    <ClInclude Include="IAppInputTracker.h">
      <Filter>Header Files</Filter>
    </ClInclude>
    <ClInclude Include="Scene.h">
      <Filter>Header Files</Filter>
    </ClInclude>
    <ClInclude Include="Policies\CircularStateChange.h">
      <Filter>Header Files\Policies</Filter>
    </ClInclude>
    <ClInclude Include="Policies\RangeStateChange.h">
      <Filter>Header Files\Policies</Filter>
    </ClInclude>
    <ClInclude Include="Panels\Stack.h">
      <Filter>Header Files\Panels</Filter>
    </ClInclude>
    <ClInclude Include="InputTracker.h">
      <Filter>Header Files</Filter>
    </ClInclude>
    <ClInclude Include="Decorators\Margin.h">
      <Filter>Header Files\Decorators</Filter>
    </ClInclude>
    <ClInclude Include="Decorators\RegionCheck.h">
      <Filter>Header Files\Decorators</Filter>
    </ClInclude>
    <ClInclude Include="Graphics\Glyphs\Frame.h">
      <Filter>Header Files\Graphics\Glyphs</Filter>
    </ClInclude>
    <ClInclude Include="Controls\Carousel.h">
      <Filter>Header Files\Controls</Filter>
    </ClInclude>
    <ClInclude Include="Policies\CarouselInteractivity.h">
      <Filter>Header Files\Policies</Filter>
    </ClInclude>
    <ClInclude Include="Controls\Slider.h">
      <Filter>Header Files\Controls</Filter>
    </ClInclude>
    <ClInclude Include="Policies\SliderInteractivity.h">
      <Filter>Header Files\Policies</Filter>
    </ClInclude>
    <ClInclude Include="Policies\CarouselGlyphUpdate.h">
      <Filter>Header Files\Policies</Filter>
    </ClInclude>
  </ItemGroup>
  <ItemGroup>
    <ClCompile Include="Scene.cpp">
      <Filter>Source Files</Filter>
    </ClCompile>
    <ClCompile Include="Panels\Stack.cpp">
      <Filter>Source Files\Panels</Filter>
    </ClCompile>
    <ClCompile Include="Controls\State.h">
      <Filter>Header Files\Controls</Filter>
    </ClCompile>
    <ClCompile Include="InputTracker.cpp">
      <Filter>Source Files</Filter>
    </ClCompile>
    <ClCompile Include="Graphics\Glyphs\Frame.cpp">
      <Filter>Source Files\Graphics\Glyphs</Filter>
    </ClCompile>
    <ClCompile Include="Policies\CarouselInteractivity.cpp">
      <Filter>Source Files\Policies</Filter>
    </ClCompile>
    <ClCompile Include="Policies\CarouselGlyphUpdate.cpp">
      <Filter>Source Files\Policies</Filter>
    </ClCompile>
  </ItemGroup>
</Project>