<?xml version="1.0" encoding="utf-8"?>
<Project ToolsVersion="4.0" xmlns="http://schemas.microsoft.com/developer/msbuild/2003">
  <ItemGroup>
    <Filter Include="Source Files">
      <UniqueIdentifier>{4FC737F1-C7A5-4376-A066-2A32D752A2FF}</UniqueIdentifier>
      <Extensions>cpp;c;cc;cxx;c++;cppm;ixx;def;odl;idl;hpj;bat;asm;asmx</Extensions>
    </Filter>
    <Filter Include="Header Files">
      <UniqueIdentifier>{93995380-89BD-4b04-88EB-625FBE52EBFB}</UniqueIdentifier>
      <Extensions>h;hh;hpp;hxx;h++;hm;inl;inc;ipp;xsd</Extensions>
    </Filter>
    <Filter Include="Resource Files">
      <UniqueIdentifier>{67DA6AB6-F800-4c08-8B7A-83BB121AAD01}</UniqueIdentifier>
      <Extensions>rc;ico;cur;bmp;dlg;rc2;rct;bin;rgs;gif;jpg;jpeg;jpe;resx;tiff;tif;png;wav;mfcribbon-ms</Extensions>
    </Filter>
    <Filter Include="Header Files\Decorators">
      <UniqueIdentifier>{f89bff6e-7d67-4a7a-b7e8-496d5a2d1c2c}</UniqueIdentifier>
    </Filter>
    <Filter Include="Header Files\Graphics">
      <UniqueIdentifier>{b9f219f8-018f-4bc7-a5aa-d165909696c3}</UniqueIdentifier>
    </Filter>
    <Filter Include="Source Files\Graphics">
      <UniqueIdentifier>{f84acb07-b793-4c1e-b711-1abd03a315dd}</UniqueIdentifier>
    </Filter>
    <Filter Include="Header Files\Policies">
      <UniqueIdentifier>{6901b58c-e543-4994-8652-080a1b9ae71e}</UniqueIdentifier>
    </Filter>
    <Filter Include="Header Files\Graphics\Glyphs">
      <UniqueIdentifier>{c5ebd6cb-4e98-4010-826b-d36b56b4ab5c}</UniqueIdentifier>
    </Filter>
    <Filter Include="Source Files\Graphics\Glyphs">
      <UniqueIdentifier>{b214bcc1-530c-42c5-be27-07a6fcbda411}</UniqueIdentifier>
    </Filter>
    <Filter Include="Source Files\Policies">
      <UniqueIdentifier>{34cdc5e9-a0a1-408b-adae-4616b8ff5f30}</UniqueIdentifier>
    </Filter>
    <Filter Include="Header Files\Controls">
      <UniqueIdentifier>{445440fa-063e-4340-a0ae-b39512f87398}</UniqueIdentifier>
    </Filter>
    <Filter Include="Header Files\Decorators\Interactivity">
      <UniqueIdentifier>{2bc317fc-2279-4740-86fb-bb6c4b21d2a6}</UniqueIdentifier>
    </Filter>
    <Filter Include="Header Files\Adapters">
      <UniqueIdentifier>{e7d7ceb8-1bec-4119-93b9-de3f0fc89613}</UniqueIdentifier>
    </Filter>
    <Filter Include="Header Files\Policies\State">
      <UniqueIdentifier>{d88f7660-1754-453e-ae57-c5ca7d21b3ba}</UniqueIdentifier>
    </Filter>
    <Filter Include="Header Files\Policies\Glyph">
      <UniqueIdentifier>{3c0a6ac1-7a60-4476-a5a4-885c9c4046f3}</UniqueIdentifier>
    </Filter>
    <Filter Include="Header Files\Adapters\Glyph">
      <UniqueIdentifier>{4d2283ff-85ca-4ce3-9844-6cb48b3e52f6}</UniqueIdentifier>
    </Filter>
    <Filter Include="Header Files\Policies\Glyph\Updates">
      <UniqueIdentifier>{cb05238e-6c01-4ca7-b751-ebcff6ecc8d5}</UniqueIdentifier>
    </Filter>
    <Filter Include="Header Files\Policies\State\Changes">
      <UniqueIdentifier>{e99011e5-b5a2-4771-9d7c-d096dfefab9a}</UniqueIdentifier>
    </Filter>
    <Filter Include="Source Files\Policies\State">
      <UniqueIdentifier>{877023c5-a3d6-4696-a4d4-a8287cf3a733}</UniqueIdentifier>
    </Filter>
    <Filter Include="Source Files\Policies\State\Changes">
      <UniqueIdentifier>{428781c5-f5dd-4159-be92-6be9f039aa5d}</UniqueIdentifier>
    </Filter>
  </ItemGroup>
  <ItemGroup>
    <ClInclude Include="Graphics\Canvas.h">
      <Filter>Header Files\Graphics</Filter>
    </ClInclude>
    <ClInclude Include="Graphics\Glyph.h">
      <Filter>Header Files\Graphics</Filter>
    </ClInclude>
    <ClInclude Include="Graphics\Glyphs\Plug.h">
      <Filter>Header Files\Graphics\Glyphs</Filter>
    </ClInclude>
    <ClInclude Include="Scene.h">
      <Filter>Header Files</Filter>
    </ClInclude>
    <ClInclude Include="Graphics\Glyphs\Vban.h">
      <Filter>Header Files\Graphics\Glyphs</Filter>
    </ClInclude>
    <ClInclude Include="Graphics\Theme.h">
      <Filter>Header Files\Graphics</Filter>
    </ClInclude>
    <ClInclude Include="Graphics\Glyphs\Knob.h">
      <Filter>Header Files\Graphics\Glyphs</Filter>
    </ClInclude>
    <ClInclude Include="Controls\Knob.h">
      <Filter>Header Files\Controls</Filter>
    </ClInclude>
    <ClInclude Include="Controls\Plug.h">
      <Filter>Header Files\Controls</Filter>
    </ClInclude>
    <ClInclude Include="Controls\Vban.h">
      <Filter>Header Files\Controls</Filter>
    </ClInclude>
    <ClInclude Include="Decorators\Interactivity\Knob.h">
      <Filter>Header Files\Decorators\Interactivity</Filter>
    </ClInclude>
    <ClInclude Include="Decorators\Interactivity\Plug.h">
      <Filter>Header Files\Decorators\Interactivity</Filter>
    </ClInclude>
    <ClInclude Include="Decorators\Interactivity\Vban.h">
      <Filter>Header Files\Decorators\Interactivity</Filter>
    </ClInclude>
    <ClInclude Include="Adapters\Glyph\IUpdate.h">
      <Filter>Header Files\Adapters\Glyph</Filter>
    </ClInclude>
    <ClInclude Include="Policies\Glyph\Updates\Knob.h">
      <Filter>Header Files\Policies\Glyph\Updates</Filter>
    </ClInclude>
    <ClInclude Include="Policies\Glyph\Updates\Plug.h">
      <Filter>Header Files\Policies\Glyph\Updates</Filter>
    </ClInclude>
    <ClInclude Include="Policies\Glyph\Updates\Vban.h">
      <Filter>Header Files\Policies\Glyph\Updates</Filter>
    </ClInclude>
    <ClInclude Include="Policies\Glyph\Updates\Passthrough.h">
      <Filter>Header Files\Policies\Glyph\Updates</Filter>
    </ClInclude>
    <ClInclude Include="Policies\State\Changes\Knob.h">
      <Filter>Header Files\Policies\State\Changes</Filter>
    </ClInclude>
  </ItemGroup>
  <ItemGroup>
    <ClCompile Include="Graphics\Canvas.cpp">
      <Filter>Source Files\Graphics</Filter>
    </ClCompile>
    <ClCompile Include="Graphics\Glyph.cpp">
      <Filter>Source Files\Graphics</Filter>
    </ClCompile>
    <ClCompile Include="Scene.cpp">
      <Filter>Source Files</Filter>
    </ClCompile>
    <ClCompile Include="Graphics\Palette.cpp">
      <Filter>Source Files\Graphics</Filter>
    </ClCompile>
    <ClCompile Include="Graphics\Glyphs\Knob.cpp">
      <Filter>Source Files\Graphics\Glyphs</Filter>
    </ClCompile>
    <ClCompile Include="Graphics\Glyphs\Plug.cpp">
      <Filter>Source Files\Graphics\Glyphs</Filter>
    </ClCompile>
    <ClCompile Include="Graphics\Glyphs\Vban.cpp">
      <Filter>Source Files\Graphics\Glyphs</Filter>
    </ClCompile>
    <ClCompile Include="Graphics\Queue.cpp">
      <Filter>Source Files\Graphics</Filter>
    </ClCompile>
    <ClCompile Include="Policies\State\Changes\Knob.cpp">
      <Filter>Source Files\Policies\State\Changes</Filter>
    </ClCompile>
  </ItemGroup>
</Project>